
Microsoft Visual Studio Solution File, Format Version 12.00
# Visual Studio Version 16
Project("{2150E333-8FDC-42A3-9474-1A3956D46DE8}") = "CMakePredefinedTargets", "CMakePredefinedTargets", "{CBE1F683-64B1-3E57-9ADA-96CB1AF8E2EC}"
EndProject
Project("{2150E333-8FDC-42A3-9474-1A3956D46DE8}") = "GLFW3", "GLFW3", "{AD0DD5F1-763A-3E83-9F91-3A937E15C1A2}"
EndProject
Project("{2150E333-8FDC-42A3-9474-1A3956D46DE8}") = "Examples", "GLFW3\Examples", "{E238E84E-1FF6-3311-A206-36E050D64F86}"
EndProject
Project("{2150E333-8FDC-42A3-9474-1A3956D46DE8}") = "Tests", "GLFW3\Tests", "{E6EDFA4B-5A23-356C-9112-271D7FAC9CA4}"
EndProject
Project("{8BC9CEB8-8B4A-11D0-8D11-00A0C91BC942}") = "ALL_BUILD", "ALL_BUILD.vcxproj", "{54399E9C-D89E-358D-B57B-ACF702283882}"
	ProjectSection(ProjectDependencies) = postProject
		{FBE84924-2AFB-35F4-A071-1E44900EE791} = {FBE84924-2AFB-35F4-A071-1E44900EE791}
		{F6943C3F-9571-3D7C-BAE3-EEDB08FF9DE2} = {F6943C3F-9571-3D7C-BAE3-EEDB08FF9DE2}
		{811CBF73-0975-3A9C-8CA8-6AD05475D395} = {811CBF73-0975-3A9C-8CA8-6AD05475D395}
		{355794B4-D779-3FA5-AB22-DFBD0F02D42A} = {355794B4-D779-3FA5-AB22-DFBD0F02D42A}
		{85F4A8B8-385F-378C-A443-EDC36C216C86} = {85F4A8B8-385F-378C-A443-EDC36C216C86}
		{FD003C3B-450E-3BFB-B759-1001196A79D6} = {FD003C3B-450E-3BFB-B759-1001196A79D6}
		{A4D6A416-0D14-377E-A695-47BE0E269A3F} = {A4D6A416-0D14-377E-A695-47BE0E269A3F}
		{F05E7431-0F48-356F-B4CE-C1F6198A9A2E} = {F05E7431-0F48-356F-B4CE-C1F6198A9A2E}
		{93D0DAD9-7849-3963-A6DA-29EB4C8485E5} = {93D0DAD9-7849-3963-A6DA-29EB4C8485E5}
		{B41CA747-DA28-31F2-B024-14C8E24436FA} = {B41CA747-DA28-31F2-B024-14C8E24436FA}
		{6FA99379-D95D-367D-A1F6-0E74251B3B38} = {6FA99379-D95D-367D-A1F6-0E74251B3B38}
		{092A310C-4E40-34BE-B5C1-3F337791F52C} = {092A310C-4E40-34BE-B5C1-3F337791F52C}
		{726F21B7-A8DC-35BA-A169-CFD07AC5EE15} = {726F21B7-A8DC-35BA-A169-CFD07AC5EE15}
		{DE17E6D9-818A-3975-B154-5DF39F6CBFCA} = {DE17E6D9-818A-3975-B154-5DF39F6CBFCA}
		{CF28710E-9A06-3420-B454-2B0A4099C438} = {CF28710E-9A06-3420-B454-2B0A4099C438}
		{CB2B7531-8463-309B-842C-2D049C87F027} = {CB2B7531-8463-309B-842C-2D049C87F027}
		{1101DE67-02B3-3A54-A0A9-B3B26E89900B} = {1101DE67-02B3-3A54-A0A9-B3B26E89900B}
		{D0314FD6-3793-39B6-ACA7-71E0024A0F7C} = {D0314FD6-3793-39B6-ACA7-71E0024A0F7C}
		{B92613DD-06F8-33E7-B6E9-E08A4C839BFE} = {B92613DD-06F8-33E7-B6E9-E08A4C839BFE}
		{E1FB784D-062C-32A3-ABC9-273658CC3A16} = {E1FB784D-062C-32A3-ABC9-273658CC3A16}
		{8D41DE6F-0C48-3E0F-8D55-2B21A5030000} = {8D41DE6F-0C48-3E0F-8D55-2B21A5030000}
		{5D69B41E-B248-3BEF-A789-1193F3BD2640} = {5D69B41E-B248-3BEF-A789-1193F3BD2640}
		{81F0F2AC-0614-3030-BE7D-D25E1626DDFC} = {81F0F2AC-0614-3030-BE7D-D25E1626DDFC}
		{A22E2E25-68A7-3388-B426-54B081CF8262} = {A22E2E25-68A7-3388-B426-54B081CF8262}
		{E58E2025-C143-39FD-A62B-27297E546898} = {E58E2025-C143-39FD-A62B-27297E546898}
		{0054959B-A046-3B3E-858F-994F2B44F35D} = {0054959B-A046-3B3E-858F-994F2B44F35D}
		{0BCF18CB-1205-3933-BABE-A9E98A16F53B} = {0BCF18CB-1205-3933-BABE-A9E98A16F53B}
		{20FC6E94-2BE2-388B-9F61-4BEB696F8CF6} = {20FC6E94-2BE2-388B-9F61-4BEB696F8CF6}
		{89BD81E9-B93B-3A53-ACD8-F027C63B3581} = {89BD81E9-B93B-3A53-ACD8-F027C63B3581}
		{2414911C-6029-3743-B475-228AEE3BF8F7} = {2414911C-6029-3743-B475-228AEE3BF8F7}
		{80CCC63F-79E9-3BDC-8E05-BEC02CE2C1E4} = {80CCC63F-79E9-3BDC-8E05-BEC02CE2C1E4}
	EndProjectSection
EndProject
Project("{8BC9CEB8-8B4A-11D0-8D11-00A0C91BC942}") = "INSTALL", "INSTALL.vcxproj", "{C0FE38F2-BE37-3030-977E-A2A2DB393AC9}"
	ProjectSection(ProjectDependencies) = postProject
		{54399E9C-D89E-358D-B57B-ACF702283882} = {54399E9C-D89E-358D-B57B-ACF702283882}
		{FBE84924-2AFB-35F4-A071-1E44900EE791} = {FBE84924-2AFB-35F4-A071-1E44900EE791}
	EndProjectSection
EndProject
Project("{8BC9CEB8-8B4A-11D0-8D11-00A0C91BC942}") = "ZERO_CHECK", "ZERO_CHECK.vcxproj", "{FBE84924-2AFB-35F4-A071-1E44900EE791}"
	ProjectSection(ProjectDependencies) = postProject
	EndProjectSection
EndProject
Project("{8BC9CEB8-8B4A-11D0-8D11-00A0C91BC942}") = "boing", "examples\boing.vcxproj", "{F6943C3F-9571-3D7C-BAE3-EEDB08FF9DE2}"
	ProjectSection(ProjectDependencies) = postProject
		{FBE84924-2AFB-35F4-A071-1E44900EE791} = {FBE84924-2AFB-35F4-A071-1E44900EE791}
		{93D0DAD9-7849-3963-A6DA-29EB4C8485E5} = {93D0DAD9-7849-3963-A6DA-29EB4C8485E5}
	EndProjectSection
EndProject
Project("{8BC9CEB8-8B4A-11D0-8D11-00A0C91BC942}") = "clipboard", "tests\clipboard.vcxproj", "{811CBF73-0975-3A9C-8CA8-6AD05475D395}"
	ProjectSection(ProjectDependencies) = postProject
		{FBE84924-2AFB-35F4-A071-1E44900EE791} = {FBE84924-2AFB-35F4-A071-1E44900EE791}
		{93D0DAD9-7849-3963-A6DA-29EB4C8485E5} = {93D0DAD9-7849-3963-A6DA-29EB4C8485E5}
	EndProjectSection
EndProject
Project("{8BC9CEB8-8B4A-11D0-8D11-00A0C91BC942}") = "cursor", "tests\cursor.vcxproj", "{355794B4-D779-3FA5-AB22-DFBD0F02D42A}"
	ProjectSection(ProjectDependencies) = postProject
		{FBE84924-2AFB-35F4-A071-1E44900EE791} = {FBE84924-2AFB-35F4-A071-1E44900EE791}
		{93D0DAD9-7849-3963-A6DA-29EB4C8485E5} = {93D0DAD9-7849-3963-A6DA-29EB4C8485E5}
	EndProjectSection
EndProject
Project("{8BC9CEB8-8B4A-11D0-8D11-00A0C91BC942}") = "empty", "tests\empty.vcxproj", "{85F4A8B8-385F-378C-A443-EDC36C216C86}"
	ProjectSection(ProjectDependencies) = postProject
		{FBE84924-2AFB-35F4-A071-1E44900EE791} = {FBE84924-2AFB-35F4-A071-1E44900EE791}
		{93D0DAD9-7849-3963-A6DA-29EB4C8485E5} = {93D0DAD9-7849-3963-A6DA-29EB4C8485E5}
	EndProjectSection
EndProject
Project("{8BC9CEB8-8B4A-11D0-8D11-00A0C91BC942}") = "events", "tests\events.vcxproj", "{FD003C3B-450E-3BFB-B759-1001196A79D6}"
	ProjectSection(ProjectDependencies) = postProject
		{FBE84924-2AFB-35F4-A071-1E44900EE791} = {FBE84924-2AFB-35F4-A071-1E44900EE791}
		{93D0DAD9-7849-3963-A6DA-29EB4C8485E5} = {93D0DAD9-7849-3963-A6DA-29EB4C8485E5}
	EndProjectSection
EndProject
Project("{8BC9CEB8-8B4A-11D0-8D11-00A0C91BC942}") = "gamma", "tests\gamma.vcxproj", "{A4D6A416-0D14-377E-A695-47BE0E269A3F}"
	ProjectSection(ProjectDependencies) = postProject
		{FBE84924-2AFB-35F4-A071-1E44900EE791} = {FBE84924-2AFB-35F4-A071-1E44900EE791}
		{93D0DAD9-7849-3963-A6DA-29EB4C8485E5} = {93D0DAD9-7849-3963-A6DA-29EB4C8485E5}
	EndProjectSection
EndProject
Project("{8BC9CEB8-8B4A-11D0-8D11-00A0C91BC942}") = "gears", "examples\gears.vcxproj", "{F05E7431-0F48-356F-B4CE-C1F6198A9A2E}"
	ProjectSection(ProjectDependencies) = postProject
		{FBE84924-2AFB-35F4-A071-1E44900EE791} = {FBE84924-2AFB-35F4-A071-1E44900EE791}
		{93D0DAD9-7849-3963-A6DA-29EB4C8485E5} = {93D0DAD9-7849-3963-A6DA-29EB4C8485E5}
	EndProjectSection
EndProject
Project("{8BC9CEB8-8B4A-11D0-8D11-00A0C91BC942}") = "glfw", "src\glfw.vcxproj", "{93D0DAD9-7849-3963-A6DA-29EB4C8485E5}"
	ProjectSection(ProjectDependencies) = postProject
		{FBE84924-2AFB-35F4-A071-1E44900EE791} = {FBE84924-2AFB-35F4-A071-1E44900EE791}
	EndProjectSection
EndProject
Project("{8BC9CEB8-8B4A-11D0-8D11-00A0C91BC942}") = "glfwinfo", "tests\glfwinfo.vcxproj", "{B41CA747-DA28-31F2-B024-14C8E24436FA}"
	ProjectSection(ProjectDependencies) = postProject
		{FBE84924-2AFB-35F4-A071-1E44900EE791} = {FBE84924-2AFB-35F4-A071-1E44900EE791}
		{93D0DAD9-7849-3963-A6DA-29EB4C8485E5} = {93D0DAD9-7849-3963-A6DA-29EB4C8485E5}
	EndProjectSection
EndProject
Project("{8BC9CEB8-8B4A-11D0-8D11-00A0C91BC942}") = "heightmap", "examples\heightmap.vcxproj", "{6FA99379-D95D-367D-A1F6-0E74251B3B38}"
	ProjectSection(ProjectDependencies) = postProject
		{FBE84924-2AFB-35F4-A071-1E44900EE791} = {FBE84924-2AFB-35F4-A071-1E44900EE791}
		{93D0DAD9-7849-3963-A6DA-29EB4C8485E5} = {93D0DAD9-7849-3963-A6DA-29EB4C8485E5}
	EndProjectSection
EndProject
Project("{8BC9CEB8-8B4A-11D0-8D11-00A0C91BC942}") = "icon", "tests\icon.vcxproj", "{092A310C-4E40-34BE-B5C1-3F337791F52C}"
	ProjectSection(ProjectDependencies) = postProject
		{FBE84924-2AFB-35F4-A071-1E44900EE791} = {FBE84924-2AFB-35F4-A071-1E44900EE791}
		{93D0DAD9-7849-3963-A6DA-29EB4C8485E5} = {93D0DAD9-7849-3963-A6DA-29EB4C8485E5}
	EndProjectSection
EndProject
Project("{8BC9CEB8-8B4A-11D0-8D11-00A0C91BC942}") = "iconify", "tests\iconify.vcxproj", "{726F21B7-A8DC-35BA-A169-CFD07AC5EE15}"
	ProjectSection(ProjectDependencies) = postProject
		{FBE84924-2AFB-35F4-A071-1E44900EE791} = {FBE84924-2AFB-35F4-A071-1E44900EE791}
		{93D0DAD9-7849-3963-A6DA-29EB4C8485E5} = {93D0DAD9-7849-3963-A6DA-29EB4C8485E5}
	EndProjectSection
EndProject
Project("{8BC9CEB8-8B4A-11D0-8D11-00A0C91BC942}") = "inputlag", "tests\inputlag.vcxproj", "{DE17E6D9-818A-3975-B154-5DF39F6CBFCA}"
	ProjectSection(ProjectDependencies) = postProject
		{FBE84924-2AFB-35F4-A071-1E44900EE791} = {FBE84924-2AFB-35F4-A071-1E44900EE791}
		{93D0DAD9-7849-3963-A6DA-29EB4C8485E5} = {93D0DAD9-7849-3963-A6DA-29EB4C8485E5}
	EndProjectSection
EndProject
Project("{8BC9CEB8-8B4A-11D0-8D11-00A0C91BC942}") = "joysticks", "tests\joysticks.vcxproj", "{CF28710E-9A06-3420-B454-2B0A4099C438}"
	ProjectSection(ProjectDependencies) = postProject
		{FBE84924-2AFB-35F4-A071-1E44900EE791} = {FBE84924-2AFB-35F4-A071-1E44900EE791}
		{93D0DAD9-7849-3963-A6DA-29EB4C8485E5} = {93D0DAD9-7849-3963-A6DA-29EB4C8485E5}
	EndProjectSection
EndProject
Project("{8BC9CEB8-8B4A-11D0-8D11-00A0C91BC942}") = "monitors", "tests\monitors.vcxproj", "{CB2B7531-8463-309B-842C-2D049C87F027}"
	ProjectSection(ProjectDependencies) = postProject
		{FBE84924-2AFB-35F4-A071-1E44900EE791} = {FBE84924-2AFB-35F4-A071-1E44900EE791}
		{93D0DAD9-7849-3963-A6DA-29EB4C8485E5} = {93D0DAD9-7849-3963-A6DA-29EB4C8485E5}
	EndProjectSection
EndProject
Project("{8BC9CEB8-8B4A-11D0-8D11-00A0C91BC942}") = "msaa", "tests\msaa.vcxproj", "{1101DE67-02B3-3A54-A0A9-B3B26E89900B}"
	ProjectSection(ProjectDependencies) = postProject
		{FBE84924-2AFB-35F4-A071-1E44900EE791} = {FBE84924-2AFB-35F4-A071-1E44900EE791}
		{93D0DAD9-7849-3963-A6DA-29EB4C8485E5} = {93D0DAD9-7849-3963-A6DA-29EB4C8485E5}
	EndProjectSection
EndProject
Project("{8BC9CEB8-8B4A-11D0-8D11-00A0C91BC942}") = "offscreen", "examples\offscreen.vcxproj", "{D0314FD6-3793-39B6-ACA7-71E0024A0F7C}"
	ProjectSection(ProjectDependencies) = postProject
		{FBE84924-2AFB-35F4-A071-1E44900EE791} = {FBE84924-2AFB-35F4-A071-1E44900EE791}
		{93D0DAD9-7849-3963-A6DA-29EB4C8485E5} = {93D0DAD9-7849-3963-A6DA-29EB4C8485E5}
	EndProjectSection
EndProject
Project("{8BC9CEB8-8B4A-11D0-8D11-00A0C91BC942}") = "opacity", "tests\opacity.vcxproj", "{B92613DD-06F8-33E7-B6E9-E08A4C839BFE}"
	ProjectSection(ProjectDependencies) = postProject
		{FBE84924-2AFB-35F4-A071-1E44900EE791} = {FBE84924-2AFB-35F4-A071-1E44900EE791}
		{93D0DAD9-7849-3963-A6DA-29EB4C8485E5} = {93D0DAD9-7849-3963-A6DA-29EB4C8485E5}
	EndProjectSection
EndProject
Project("{8BC9CEB8-8B4A-11D0-8D11-00A0C91BC942}") = "particles", "examples\particles.vcxproj", "{E1FB784D-062C-32A3-ABC9-273658CC3A16}"
	ProjectSection(ProjectDependencies) = postProject
		{FBE84924-2AFB-35F4-A071-1E44900EE791} = {FBE84924-2AFB-35F4-A071-1E44900EE791}
		{93D0DAD9-7849-3963-A6DA-29EB4C8485E5} = {93D0DAD9-7849-3963-A6DA-29EB4C8485E5}
	EndProjectSection
EndProject
Project("{8BC9CEB8-8B4A-11D0-8D11-00A0C91BC942}") = "reopen", "tests\reopen.vcxproj", "{8D41DE6F-0C48-3E0F-8D55-2B21A5030000}"
	ProjectSection(ProjectDependencies) = postProject
		{FBE84924-2AFB-35F4-A071-1E44900EE791} = {FBE84924-2AFB-35F4-A071-1E44900EE791}
		{93D0DAD9-7849-3963-A6DA-29EB4C8485E5} = {93D0DAD9-7849-3963-A6DA-29EB4C8485E5}
	EndProjectSection
EndProject
Project("{8BC9CEB8-8B4A-11D0-8D11-00A0C91BC942}") = "sharing", "examples\sharing.vcxproj", "{5D69B41E-B248-3BEF-A789-1193F3BD2640}"
	ProjectSection(ProjectDependencies) = postProject
		{FBE84924-2AFB-35F4-A071-1E44900EE791} = {FBE84924-2AFB-35F4-A071-1E44900EE791}
		{93D0DAD9-7849-3963-A6DA-29EB4C8485E5} = {93D0DAD9-7849-3963-A6DA-29EB4C8485E5}
	EndProjectSection
EndProject
Project("{8BC9CEB8-8B4A-11D0-8D11-00A0C91BC942}") = "simple", "examples\simple.vcxproj", "{81F0F2AC-0614-3030-BE7D-D25E1626DDFC}"
	ProjectSection(ProjectDependencies) = postProject
		{FBE84924-2AFB-35F4-A071-1E44900EE791} = {FBE84924-2AFB-35F4-A071-1E44900EE791}
		{93D0DAD9-7849-3963-A6DA-29EB4C8485E5} = {93D0DAD9-7849-3963-A6DA-29EB4C8485E5}
	EndProjectSection
EndProject
Project("{8BC9CEB8-8B4A-11D0-8D11-00A0C91BC942}") = "splitview", "examples\splitview.vcxproj", "{A22E2E25-68A7-3388-B426-54B081CF8262}"
	ProjectSection(ProjectDependencies) = postProject
		{FBE84924-2AFB-35F4-A071-1E44900EE791} = {FBE84924-2AFB-35F4-A071-1E44900EE791}
		{93D0DAD9-7849-3963-A6DA-29EB4C8485E5} = {93D0DAD9-7849-3963-A6DA-29EB4C8485E5}
	EndProjectSection
EndProject
Project("{8BC9CEB8-8B4A-11D0-8D11-00A0C91BC942}") = "tearing", "tests\tearing.vcxproj", "{E58E2025-C143-39FD-A62B-27297E546898}"
	ProjectSection(ProjectDependencies) = postProject
		{FBE84924-2AFB-35F4-A071-1E44900EE791} = {FBE84924-2AFB-35F4-A071-1E44900EE791}
		{93D0DAD9-7849-3963-A6DA-29EB4C8485E5} = {93D0DAD9-7849-3963-A6DA-29EB4C8485E5}
	EndProjectSection
EndProject
Project("{8BC9CEB8-8B4A-11D0-8D11-00A0C91BC942}") = "threads", "tests\threads.vcxproj", "{0054959B-A046-3B3E-858F-994F2B44F35D}"
	ProjectSection(ProjectDependencies) = postProject
		{FBE84924-2AFB-35F4-A071-1E44900EE791} = {FBE84924-2AFB-35F4-A071-1E44900EE791}
		{93D0DAD9-7849-3963-A6DA-29EB4C8485E5} = {93D0DAD9-7849-3963-A6DA-29EB4C8485E5}
	EndProjectSection
EndProject
Project("{8BC9CEB8-8B4A-11D0-8D11-00A0C91BC942}") = "timeout", "tests\timeout.vcxproj", "{0BCF18CB-1205-3933-BABE-A9E98A16F53B}"
	ProjectSection(ProjectDependencies) = postProject
		{FBE84924-2AFB-35F4-A071-1E44900EE791} = {FBE84924-2AFB-35F4-A071-1E44900EE791}
		{93D0DAD9-7849-3963-A6DA-29EB4C8485E5} = {93D0DAD9-7849-3963-A6DA-29EB4C8485E5}
	EndProjectSection
EndProject
Project("{8BC9CEB8-8B4A-11D0-8D11-00A0C91BC942}") = "title", "tests\title.vcxproj", "{20FC6E94-2BE2-388B-9F61-4BEB696F8CF6}"
	ProjectSection(ProjectDependencies) = postProject
		{FBE84924-2AFB-35F4-A071-1E44900EE791} = {FBE84924-2AFB-35F4-A071-1E44900EE791}
		{93D0DAD9-7849-3963-A6DA-29EB4C8485E5} = {93D0DAD9-7849-3963-A6DA-29EB4C8485E5}
	EndProjectSection
EndProject
Project("{8BC9CEB8-8B4A-11D0-8D11-00A0C91BC942}") = "triangle-vulkan", "tests\triangle-vulkan.vcxproj", "{89BD81E9-B93B-3A53-ACD8-F027C63B3581}"
	ProjectSection(ProjectDependencies) = postProject
		{FBE84924-2AFB-35F4-A071-1E44900EE791} = {FBE84924-2AFB-35F4-A071-1E44900EE791}
		{93D0DAD9-7849-3963-A6DA-29EB4C8485E5} = {93D0DAD9-7849-3963-A6DA-29EB4C8485E5}
	EndProjectSection
EndProject
Project("{8BC9CEB8-8B4A-11D0-8D11-00A0C91BC942}") = "uninstall", "uninstall.vcxproj", "{A1708B64-514C-3940-B95E-93D44E290C28}"
	ProjectSection(ProjectDependencies) = postProject
		{FBE84924-2AFB-35F4-A071-1E44900EE791} = {FBE84924-2AFB-35F4-A071-1E44900EE791}
	EndProjectSection
EndProject
Project("{8BC9CEB8-8B4A-11D0-8D11-00A0C91BC942}") = "wave", "examples\wave.vcxproj", "{2414911C-6029-3743-B475-228AEE3BF8F7}"
	ProjectSection(ProjectDependencies) = postProject
		{FBE84924-2AFB-35F4-A071-1E44900EE791} = {FBE84924-2AFB-35F4-A071-1E44900EE791}
		{93D0DAD9-7849-3963-A6DA-29EB4C8485E5} = {93D0DAD9-7849-3963-A6DA-29EB4C8485E5}
	EndProjectSection
EndProject
Project("{8BC9CEB8-8B4A-11D0-8D11-00A0C91BC942}") = "windows", "tests\windows.vcxproj", "{80CCC63F-79E9-3BDC-8E05-BEC02CE2C1E4}"
	ProjectSection(ProjectDependencies) = postProject
		{FBE84924-2AFB-35F4-A071-1E44900EE791} = {FBE84924-2AFB-35F4-A071-1E44900EE791}
		{93D0DAD9-7849-3963-A6DA-29EB4C8485E5} = {93D0DAD9-7849-3963-A6DA-29EB4C8485E5}
	EndProjectSection
EndProject
Global
	GlobalSection(SolutionConfigurationPlatforms) = preSolution
		Debug|x64 = Debug|x64
		Release|x64 = Release|x64
		MinSizeRel|x64 = MinSizeRel|x64
		RelWithDebInfo|x64 = RelWithDebInfo|x64
	EndGlobalSection
	GlobalSection(ProjectConfigurationPlatforms) = postSolution
		{54399E9C-D89E-358D-B57B-ACF702283882}.Debug|x64.ActiveCfg = Debug|x64
		{54399E9C-D89E-358D-B57B-ACF702283882}.Debug|x64.Build.0 = Debug|x64
		{54399E9C-D89E-358D-B57B-ACF702283882}.Release|x64.ActiveCfg = Release|x64
		{54399E9C-D89E-358D-B57B-ACF702283882}.Release|x64.Build.0 = Release|x64
		{54399E9C-D89E-358D-B57B-ACF702283882}.MinSizeRel|x64.ActiveCfg = MinSizeRel|x64
		{54399E9C-D89E-358D-B57B-ACF702283882}.MinSizeRel|x64.Build.0 = MinSizeRel|x64
		{54399E9C-D89E-358D-B57B-ACF702283882}.RelWithDebInfo|x64.ActiveCfg = RelWithDebInfo|x64
		{54399E9C-D89E-358D-B57B-ACF702283882}.RelWithDebInfo|x64.Build.0 = RelWithDebInfo|x64
		{C0FE38F2-BE37-3030-977E-A2A2DB393AC9}.Debug|x64.ActiveCfg = Debug|x64
		{C0FE38F2-BE37-3030-977E-A2A2DB393AC9}.Release|x64.ActiveCfg = Release|x64
		{C0FE38F2-BE37-3030-977E-A2A2DB393AC9}.MinSizeRel|x64.ActiveCfg = MinSizeRel|x64
		{C0FE38F2-BE37-3030-977E-A2A2DB393AC9}.RelWithDebInfo|x64.ActiveCfg = RelWithDebInfo|x64
		{FBE84924-2AFB-35F4-A071-1E44900EE791}.Debug|x64.ActiveCfg = Debug|x64
		{FBE84924-2AFB-35F4-A071-1E44900EE791}.Debug|x64.Build.0 = Debug|x64
		{FBE84924-2AFB-35F4-A071-1E44900EE791}.Release|x64.ActiveCfg = Release|x64
		{FBE84924-2AFB-35F4-A071-1E44900EE791}.Release|x64.Build.0 = Release|x64
		{FBE84924-2AFB-35F4-A071-1E44900EE791}.MinSizeRel|x64.ActiveCfg = MinSizeRel|x64
		{FBE84924-2AFB-35F4-A071-1E44900EE791}.MinSizeRel|x64.Build.0 = MinSizeRel|x64
		{FBE84924-2AFB-35F4-A071-1E44900EE791}.RelWithDebInfo|x64.ActiveCfg = RelWithDebInfo|x64
		{FBE84924-2AFB-35F4-A071-1E44900EE791}.RelWithDebInfo|x64.Build.0 = RelWithDebInfo|x64
		{F6943C3F-9571-3D7C-BAE3-EEDB08FF9DE2}.Debug|x64.ActiveCfg = Debug|x64
		{F6943C3F-9571-3D7C-BAE3-EEDB08FF9DE2}.Debug|x64.Build.0 = Debug|x64
		{F6943C3F-9571-3D7C-BAE3-EEDB08FF9DE2}.Release|x64.ActiveCfg = Release|x64
		{F6943C3F-9571-3D7C-BAE3-EEDB08FF9DE2}.Release|x64.Build.0 = Release|x64
		{F6943C3F-9571-3D7C-BAE3-EEDB08FF9DE2}.MinSizeRel|x64.ActiveCfg = MinSizeRel|x64
		{F6943C3F-9571-3D7C-BAE3-EEDB08FF9DE2}.MinSizeRel|x64.Build.0 = MinSizeRel|x64
		{F6943C3F-9571-3D7C-BAE3-EEDB08FF9DE2}.RelWithDebInfo|x64.ActiveCfg = RelWithDebInfo|x64
		{F6943C3F-9571-3D7C-BAE3-EEDB08FF9DE2}.RelWithDebInfo|x64.Build.0 = RelWithDebInfo|x64
		{811CBF73-0975-3A9C-8CA8-6AD05475D395}.Debug|x64.ActiveCfg = Debug|x64
		{811CBF73-0975-3A9C-8CA8-6AD05475D395}.Debug|x64.Build.0 = Debug|x64
		{811CBF73-0975-3A9C-8CA8-6AD05475D395}.Release|x64.ActiveCfg = Release|x64
		{811CBF73-0975-3A9C-8CA8-6AD05475D395}.Release|x64.Build.0 = Release|x64
		{811CBF73-0975-3A9C-8CA8-6AD05475D395}.MinSizeRel|x64.ActiveCfg = MinSizeRel|x64
		{811CBF73-0975-3A9C-8CA8-6AD05475D395}.MinSizeRel|x64.Build.0 = MinSizeRel|x64
		{811CBF73-0975-3A9C-8CA8-6AD05475D395}.RelWithDebInfo|x64.ActiveCfg = RelWithDebInfo|x64
		{811CBF73-0975-3A9C-8CA8-6AD05475D395}.RelWithDebInfo|x64.Build.0 = RelWithDebInfo|x64
		{355794B4-D779-3FA5-AB22-DFBD0F02D42A}.Debug|x64.ActiveCfg = Debug|x64
		{355794B4-D779-3FA5-AB22-DFBD0F02D42A}.Debug|x64.Build.0 = Debug|x64
		{355794B4-D779-3FA5-AB22-DFBD0F02D42A}.Release|x64.ActiveCfg = Release|x64
		{355794B4-D779-3FA5-AB22-DFBD0F02D42A}.Release|x64.Build.0 = Release|x64
		{355794B4-D779-3FA5-AB22-DFBD0F02D42A}.MinSizeRel|x64.ActiveCfg = MinSizeRel|x64
		{355794B4-D779-3FA5-AB22-DFBD0F02D42A}.MinSizeRel|x64.Build.0 = MinSizeRel|x64
		{355794B4-D779-3FA5-AB22-DFBD0F02D42A}.RelWithDebInfo|x64.ActiveCfg = RelWithDebInfo|x64
		{355794B4-D779-3FA5-AB22-DFBD0F02D42A}.RelWithDebInfo|x64.Build.0 = RelWithDebInfo|x64
		{85F4A8B8-385F-378C-A443-EDC36C216C86}.Debug|x64.ActiveCfg = Debug|x64
		{85F4A8B8-385F-378C-A443-EDC36C216C86}.Debug|x64.Build.0 = Debug|x64
		{85F4A8B8-385F-378C-A443-EDC36C216C86}.Release|x64.ActiveCfg = Release|x64
		{85F4A8B8-385F-378C-A443-EDC36C216C86}.Release|x64.Build.0 = Release|x64
		{85F4A8B8-385F-378C-A443-EDC36C216C86}.MinSizeRel|x64.ActiveCfg = MinSizeRel|x64
		{85F4A8B8-385F-378C-A443-EDC36C216C86}.MinSizeRel|x64.Build.0 = MinSizeRel|x64
		{85F4A8B8-385F-378C-A443-EDC36C216C86}.RelWithDebInfo|x64.ActiveCfg = RelWithDebInfo|x64
		{85F4A8B8-385F-378C-A443-EDC36C216C86}.RelWithDebInfo|x64.Build.0 = RelWithDebInfo|x64
		{FD003C3B-450E-3BFB-B759-1001196A79D6}.Debug|x64.ActiveCfg = Debug|x64
		{FD003C3B-450E-3BFB-B759-1001196A79D6}.Debug|x64.Build.0 = Debug|x64
		{FD003C3B-450E-3BFB-B759-1001196A79D6}.Release|x64.ActiveCfg = Release|x64
		{FD003C3B-450E-3BFB-B759-1001196A79D6}.Release|x64.Build.0 = Release|x64
		{FD003C3B-450E-3BFB-B759-1001196A79D6}.MinSizeRel|x64.ActiveCfg = MinSizeRel|x64
		{FD003C3B-450E-3BFB-B759-1001196A79D6}.MinSizeRel|x64.Build.0 = MinSizeRel|x64
		{FD003C3B-450E-3BFB-B759-1001196A79D6}.RelWithDebInfo|x64.ActiveCfg = RelWithDebInfo|x64
		{FD003C3B-450E-3BFB-B759-1001196A79D6}.RelWithDebInfo|x64.Build.0 = RelWithDebInfo|x64
		{A4D6A416-0D14-377E-A695-47BE0E269A3F}.Debug|x64.ActiveCfg = Debug|x64
		{A4D6A416-0D14-377E-A695-47BE0E269A3F}.Debug|x64.Build.0 = Debug|x64
		{A4D6A416-0D14-377E-A695-47BE0E269A3F}.Release|x64.ActiveCfg = Release|x64
		{A4D6A416-0D14-377E-A695-47BE0E269A3F}.Release|x64.Build.0 = Release|x64
		{A4D6A416-0D14-377E-A695-47BE0E269A3F}.MinSizeRel|x64.ActiveCfg = MinSizeRel|x64
		{A4D6A416-0D14-377E-A695-47BE0E269A3F}.MinSizeRel|x64.Build.0 = MinSizeRel|x64
		{A4D6A416-0D14-377E-A695-47BE0E269A3F}.RelWithDebInfo|x64.ActiveCfg = RelWithDebInfo|x64
		{A4D6A416-0D14-377E-A695-47BE0E269A3F}.RelWithDebInfo|x64.Build.0 = RelWithDebInfo|x64
		{F05E7431-0F48-356F-B4CE-C1F6198A9A2E}.Debug|x64.ActiveCfg = Debug|x64
		{F05E7431-0F48-356F-B4CE-C1F6198A9A2E}.Debug|x64.Build.0 = Debug|x64
		{F05E7431-0F48-356F-B4CE-C1F6198A9A2E}.Release|x64.ActiveCfg = Release|x64
		{F05E7431-0F48-356F-B4CE-C1F6198A9A2E}.Release|x64.Build.0 = Release|x64
		{F05E7431-0F48-356F-B4CE-C1F6198A9A2E}.MinSizeRel|x64.ActiveCfg = MinSizeRel|x64
		{F05E7431-0F48-356F-B4CE-C1F6198A9A2E}.MinSizeRel|x64.Build.0 = MinSizeRel|x64
		{F05E7431-0F48-356F-B4CE-C1F6198A9A2E}.RelWithDebInfo|x64.ActiveCfg = RelWithDebInfo|x64
		{F05E7431-0F48-356F-B4CE-C1F6198A9A2E}.RelWithDebInfo|x64.Build.0 = RelWithDebInfo|x64
		{93D0DAD9-7849-3963-A6DA-29EB4C8485E5}.Debug|x64.ActiveCfg = Debug|x64
		{93D0DAD9-7849-3963-A6DA-29EB4C8485E5}.Debug|x64.Build.0 = Debug|x64
		{93D0DAD9-7849-3963-A6DA-29EB4C8485E5}.Release|x64.ActiveCfg = Release|x64
		{93D0DAD9-7849-3963-A6DA-29EB4C8485E5}.Release|x64.Build.0 = Release|x64
		{93D0DAD9-7849-3963-A6DA-29EB4C8485E5}.MinSizeRel|x64.ActiveCfg = MinSizeRel|x64
		{93D0DAD9-7849-3963-A6DA-29EB4C8485E5}.MinSizeRel|x64.Build.0 = MinSizeRel|x64
		{93D0DAD9-7849-3963-A6DA-29EB4C8485E5}.RelWithDebInfo|x64.ActiveCfg = RelWithDebInfo|x64
		{93D0DAD9-7849-3963-A6DA-29EB4C8485E5}.RelWithDebInfo|x64.Build.0 = RelWithDebInfo|x64
		{B41CA747-DA28-31F2-B024-14C8E24436FA}.Debug|x64.ActiveCfg = Debug|x64
		{B41CA747-DA28-31F2-B024-14C8E24436FA}.Debug|x64.Build.0 = Debug|x64
		{B41CA747-DA28-31F2-B024-14C8E24436FA}.Release|x64.ActiveCfg = Release|x64
		{B41CA747-DA28-31F2-B024-14C8E24436FA}.Release|x64.Build.0 = Release|x64
		{B41CA747-DA28-31F2-B024-14C8E24436FA}.MinSizeRel|x64.ActiveCfg = MinSizeRel|x64
		{B41CA747-DA28-31F2-B024-14C8E24436FA}.MinSizeRel|x64.Build.0 = MinSizeRel|x64
		{B41CA747-DA28-31F2-B024-14C8E24436FA}.RelWithDebInfo|x64.ActiveCfg = RelWithDebInfo|x64
		{B41CA747-DA28-31F2-B024-14C8E24436FA}.RelWithDebInfo|x64.Build.0 = RelWithDebInfo|x64
		{6FA99379-D95D-367D-A1F6-0E74251B3B38}.Debug|x64.ActiveCfg = Debug|x64
		{6FA99379-D95D-367D-A1F6-0E74251B3B38}.Debug|x64.Build.0 = Debug|x64
		{6FA99379-D95D-367D-A1F6-0E74251B3B38}.Release|x64.ActiveCfg = Release|x64
		{6FA99379-D95D-367D-A1F6-0E74251B3B38}.Release|x64.Build.0 = Release|x64
		{6FA99379-D95D-367D-A1F6-0E74251B3B38}.MinSizeRel|x64.ActiveCfg = MinSizeRel|x64
		{6FA99379-D95D-367D-A1F6-0E74251B3B38}.MinSizeRel|x64.Build.0 = MinSizeRel|x64
		{6FA99379-D95D-367D-A1F6-0E74251B3B38}.RelWithDebInfo|x64.ActiveCfg = RelWithDebInfo|x64
		{6FA99379-D95D-367D-A1F6-0E74251B3B38}.RelWithDebInfo|x64.Build.0 = RelWithDebInfo|x64
		{092A310C-4E40-34BE-B5C1-3F337791F52C}.Debug|x64.ActiveCfg = Debug|x64
		{092A310C-4E40-34BE-B5C1-3F337791F52C}.Debug|x64.Build.0 = Debug|x64
		{092A310C-4E40-34BE-B5C1-3F337791F52C}.Release|x64.ActiveCfg = Release|x64
		{092A310C-4E40-34BE-B5C1-3F337791F52C}.Release|x64.Build.0 = Release|x64
		{092A310C-4E40-34BE-B5C1-3F337791F52C}.MinSizeRel|x64.ActiveCfg = MinSizeRel|x64
		{092A310C-4E40-34BE-B5C1-3F337791F52C}.MinSizeRel|x64.Build.0 = MinSizeRel|x64
		{092A310C-4E40-34BE-B5C1-3F337791F52C}.RelWithDebInfo|x64.ActiveCfg = RelWithDebInfo|x64
		{092A310C-4E40-34BE-B5C1-3F337791F52C}.RelWithDebInfo|x64.Build.0 = RelWithDebInfo|x64
		{726F21B7-A8DC-35BA-A169-CFD07AC5EE15}.Debug|x64.ActiveCfg = Debug|x64
		{726F21B7-A8DC-35BA-A169-CFD07AC5EE15}.Debug|x64.Build.0 = Debug|x64
		{726F21B7-A8DC-35BA-A169-CFD07AC5EE15}.Release|x64.ActiveCfg = Release|x64
		{726F21B7-A8DC-35BA-A169-CFD07AC5EE15}.Release|x64.Build.0 = Release|x64
		{726F21B7-A8DC-35BA-A169-CFD07AC5EE15}.MinSizeRel|x64.ActiveCfg = MinSizeRel|x64
		{726F21B7-A8DC-35BA-A169-CFD07AC5EE15}.MinSizeRel|x64.Build.0 = MinSizeRel|x64
		{726F21B7-A8DC-35BA-A169-CFD07AC5EE15}.RelWithDebInfo|x64.ActiveCfg = RelWithDebInfo|x64
		{726F21B7-A8DC-35BA-A169-CFD07AC5EE15}.RelWithDebInfo|x64.Build.0 = RelWithDebInfo|x64
		{DE17E6D9-818A-3975-B154-5DF39F6CBFCA}.Debug|x64.ActiveCfg = Debug|x64
		{DE17E6D9-818A-3975-B154-5DF39F6CBFCA}.Debug|x64.Build.0 = Debug|x64
		{DE17E6D9-818A-3975-B154-5DF39F6CBFCA}.Release|x64.ActiveCfg = Release|x64
		{DE17E6D9-818A-3975-B154-5DF39F6CBFCA}.Release|x64.Build.0 = Release|x64
		{DE17E6D9-818A-3975-B154-5DF39F6CBFCA}.MinSizeRel|x64.ActiveCfg = MinSizeRel|x64
		{DE17E6D9-818A-3975-B154-5DF39F6CBFCA}.MinSizeRel|x64.Build.0 = MinSizeRel|x64
		{DE17E6D9-818A-3975-B154-5DF39F6CBFCA}.RelWithDebInfo|x64.ActiveCfg = RelWithDebInfo|x64
		{DE17E6D9-818A-3975-B154-5DF39F6CBFCA}.RelWithDebInfo|x64.Build.0 = RelWithDebInfo|x64
		{CF28710E-9A06-3420-B454-2B0A4099C438}.Debug|x64.ActiveCfg = Debug|x64
		{CF28710E-9A06-3420-B454-2B0A4099C438}.Debug|x64.Build.0 = Debug|x64
		{CF28710E-9A06-3420-B454-2B0A4099C438}.Release|x64.ActiveCfg = Release|x64
		{CF28710E-9A06-3420-B454-2B0A4099C438}.Release|x64.Build.0 = Release|x64
		{CF28710E-9A06-3420-B454-2B0A4099C438}.MinSizeRel|x64.ActiveCfg = MinSizeRel|x64
		{CF28710E-9A06-3420-B454-2B0A4099C438}.MinSizeRel|x64.Build.0 = MinSizeRel|x64
		{CF28710E-9A06-3420-B454-2B0A4099C438}.RelWithDebInfo|x64.ActiveCfg = RelWithDebInfo|x64
		{CF28710E-9A06-3420-B454-2B0A4099C438}.RelWithDebInfo|x64.Build.0 = RelWithDebInfo|x64
		{CB2B7531-8463-309B-842C-2D049C87F027}.Debug|x64.ActiveCfg = Debug|x64
		{CB2B7531-8463-309B-842C-2D049C87F027}.Debug|x64.Build.0 = Debug|x64
		{CB2B7531-8463-309B-842C-2D049C87F027}.Release|x64.ActiveCfg = Release|x64
		{CB2B7531-8463-309B-842C-2D049C87F027}.Release|x64.Build.0 = Release|x64
		{CB2B7531-8463-309B-842C-2D049C87F027}.MinSizeRel|x64.ActiveCfg = MinSizeRel|x64
		{CB2B7531-8463-309B-842C-2D049C87F027}.MinSizeRel|x64.Build.0 = MinSizeRel|x64
		{CB2B7531-8463-309B-842C-2D049C87F027}.RelWithDebInfo|x64.ActiveCfg = RelWithDebInfo|x64
		{CB2B7531-8463-309B-842C-2D049C87F027}.RelWithDebInfo|x64.Build.0 = RelWithDebInfo|x64
		{1101DE67-02B3-3A54-A0A9-B3B26E89900B}.Debug|x64.ActiveCfg = Debug|x64
		{1101DE67-02B3-3A54-A0A9-B3B26E89900B}.Debug|x64.Build.0 = Debug|x64
		{1101DE67-02B3-3A54-A0A9-B3B26E89900B}.Release|x64.ActiveCfg = Release|x64
		{1101DE67-02B3-3A54-A0A9-B3B26E89900B}.Release|x64.Build.0 = Release|x64
		{1101DE67-02B3-3A54-A0A9-B3B26E89900B}.MinSizeRel|x64.ActiveCfg = MinSizeRel|x64
		{1101DE67-02B3-3A54-A0A9-B3B26E89900B}.MinSizeRel|x64.Build.0 = MinSizeRel|x64
		{1101DE67-02B3-3A54-A0A9-B3B26E89900B}.RelWithDebInfo|x64.ActiveCfg = RelWithDebInfo|x64
		{1101DE67-02B3-3A54-A0A9-B3B26E89900B}.RelWithDebInfo|x64.Build.0 = RelWithDebInfo|x64
		{D0314FD6-3793-39B6-ACA7-71E0024A0F7C}.Debug|x64.ActiveCfg = Debug|x64
		{D0314FD6-3793-39B6-ACA7-71E0024A0F7C}.Debug|x64.Build.0 = Debug|x64
		{D0314FD6-3793-39B6-ACA7-71E0024A0F7C}.Release|x64.ActiveCfg = Release|x64
		{D0314FD6-3793-39B6-ACA7-71E0024A0F7C}.Release|x64.Build.0 = Release|x64
		{D0314FD6-3793-39B6-ACA7-71E0024A0F7C}.MinSizeRel|x64.ActiveCfg = MinSizeRel|x64
		{D0314FD6-3793-39B6-ACA7-71E0024A0F7C}.MinSizeRel|x64.Build.0 = MinSizeRel|x64
		{D0314FD6-3793-39B6-ACA7-71E0024A0F7C}.RelWithDebInfo|x64.ActiveCfg = RelWithDebInfo|x64
		{D0314FD6-3793-39B6-ACA7-71E0024A0F7C}.RelWithDebInfo|x64.Build.0 = RelWithDebInfo|x64
		{B92613DD-06F8-33E7-B6E9-E08A4C839BFE}.Debug|x64.ActiveCfg = Debug|x64
		{B92613DD-06F8-33E7-B6E9-E08A4C839BFE}.Debug|x64.Build.0 = Debug|x64
		{B92613DD-06F8-33E7-B6E9-E08A4C839BFE}.Release|x64.ActiveCfg = Release|x64
		{B92613DD-06F8-33E7-B6E9-E08A4C839BFE}.Release|x64.Build.0 = Release|x64
		{B92613DD-06F8-33E7-B6E9-E08A4C839BFE}.MinSizeRel|x64.ActiveCfg = MinSizeRel|x64
		{B92613DD-06F8-33E7-B6E9-E08A4C839BFE}.MinSizeRel|x64.Build.0 = MinSizeRel|x64
		{B92613DD-06F8-33E7-B6E9-E08A4C839BFE}.RelWithDebInfo|x64.ActiveCfg = RelWithDebInfo|x64
		{B92613DD-06F8-33E7-B6E9-E08A4C839BFE}.RelWithDebInfo|x64.Build.0 = RelWithDebInfo|x64
		{E1FB784D-062C-32A3-ABC9-273658CC3A16}.Debug|x64.ActiveCfg = Debug|x64
		{E1FB784D-062C-32A3-ABC9-273658CC3A16}.Debug|x64.Build.0 = Debug|x64
		{E1FB784D-062C-32A3-ABC9-273658CC3A16}.Release|x64.ActiveCfg = Release|x64
		{E1FB784D-062C-32A3-ABC9-273658CC3A16}.Release|x64.Build.0 = Release|x64
		{E1FB784D-062C-32A3-ABC9-273658CC3A16}.MinSizeRel|x64.ActiveCfg = MinSizeRel|x64
		{E1FB784D-062C-32A3-ABC9-273658CC3A16}.MinSizeRel|x64.Build.0 = MinSizeRel|x64
		{E1FB784D-062C-32A3-ABC9-273658CC3A16}.RelWithDebInfo|x64.ActiveCfg = RelWithDebInfo|x64
		{E1FB784D-062C-32A3-ABC9-273658CC3A16}.RelWithDebInfo|x64.Build.0 = RelWithDebInfo|x64
		{8D41DE6F-0C48-3E0F-8D55-2B21A5030000}.Debug|x64.ActiveCfg = Debug|x64
		{8D41DE6F-0C48-3E0F-8D55-2B21A5030000}.Debug|x64.Build.0 = Debug|x64
		{8D41DE6F-0C48-3E0F-8D55-2B21A5030000}.Release|x64.ActiveCfg = Release|x64
		{8D41DE6F-0C48-3E0F-8D55-2B21A5030000}.Release|x64.Build.0 = Release|x64
		{8D41DE6F-0C48-3E0F-8D55-2B21A5030000}.MinSizeRel|x64.ActiveCfg = MinSizeRel|x64
		{8D41DE6F-0C48-3E0F-8D55-2B21A5030000}.MinSizeRel|x64.Build.0 = MinSizeRel|x64
		{8D41DE6F-0C48-3E0F-8D55-2B21A5030000}.RelWithDebInfo|x64.ActiveCfg = RelWithDebInfo|x64
		{8D41DE6F-0C48-3E0F-8D55-2B21A5030000}.RelWithDebInfo|x64.Build.0 = RelWithDebInfo|x64
		{5D69B41E-B248-3BEF-A789-1193F3BD2640}.Debug|x64.ActiveCfg = Debug|x64
		{5D69B41E-B248-3BEF-A789-1193F3BD2640}.Debug|x64.Build.0 = Debug|x64
		{5D69B41E-B248-3BEF-A789-1193F3BD2640}.Release|x64.ActiveCfg = Release|x64
		{5D69B41E-B248-3BEF-A789-1193F3BD2640}.Release|x64.Build.0 = Release|x64
		{5D69B41E-B248-3BEF-A789-1193F3BD2640}.MinSizeRel|x64.ActiveCfg = MinSizeRel|x64
		{5D69B41E-B248-3BEF-A789-1193F3BD2640}.MinSizeRel|x64.Build.0 = MinSizeRel|x64
		{5D69B41E-B248-3BEF-A789-1193F3BD2640}.RelWithDebInfo|x64.ActiveCfg = RelWithDebInfo|x64
		{5D69B41E-B248-3BEF-A789-1193F3BD2640}.RelWithDebInfo|x64.Build.0 = RelWithDebInfo|x64
		{81F0F2AC-0614-3030-BE7D-D25E1626DDFC}.Debug|x64.ActiveCfg = Debug|x64
		{81F0F2AC-0614-3030-BE7D-D25E1626DDFC}.Debug|x64.Build.0 = Debug|x64
		{81F0F2AC-0614-3030-BE7D-D25E1626DDFC}.Release|x64.ActiveCfg = Release|x64
		{81F0F2AC-0614-3030-BE7D-D25E1626DDFC}.Release|x64.Build.0 = Release|x64
		{81F0F2AC-0614-3030-BE7D-D25E1626DDFC}.MinSizeRel|x64.ActiveCfg = MinSizeRel|x64
		{81F0F2AC-0614-3030-BE7D-D25E1626DDFC}.MinSizeRel|x64.Build.0 = MinSizeRel|x64
		{81F0F2AC-0614-3030-BE7D-D25E1626DDFC}.RelWithDebInfo|x64.ActiveCfg = RelWithDebInfo|x64
		{81F0F2AC-0614-3030-BE7D-D25E1626DDFC}.RelWithDebInfo|x64.Build.0 = RelWithDebInfo|x64
		{A22E2E25-68A7-3388-B426-54B081CF8262}.Debug|x64.ActiveCfg = Debug|x64
		{A22E2E25-68A7-3388-B426-54B081CF8262}.Debug|x64.Build.0 = Debug|x64
		{A22E2E25-68A7-3388-B426-54B081CF8262}.Release|x64.ActiveCfg = Release|x64
		{A22E2E25-68A7-3388-B426-54B081CF8262}.Release|x64.Build.0 = Release|x64
		{A22E2E25-68A7-3388-B426-54B081CF8262}.MinSizeRel|x64.ActiveCfg = MinSizeRel|x64
		{A22E2E25-68A7-3388-B426-54B081CF8262}.MinSizeRel|x64.Build.0 = MinSizeRel|x64
		{A22E2E25-68A7-3388-B426-54B081CF8262}.RelWithDebInfo|x64.ActiveCfg = RelWithDebInfo|x64
		{A22E2E25-68A7-3388-B426-54B081CF8262}.RelWithDebInfo|x64.Build.0 = RelWithDebInfo|x64
		{E58E2025-C143-39FD-A62B-27297E546898}.Debug|x64.ActiveCfg = Debug|x64
		{E58E2025-C143-39FD-A62B-27297E546898}.Debug|x64.Build.0 = Debug|x64
		{E58E2025-C143-39FD-A62B-27297E546898}.Release|x64.ActiveCfg = Release|x64
		{E58E2025-C143-39FD-A62B-27297E546898}.Release|x64.Build.0 = Release|x64
		{E58E2025-C143-39FD-A62B-27297E546898}.MinSizeRel|x64.ActiveCfg = MinSizeRel|x64
		{E58E2025-C143-39FD-A62B-27297E546898}.MinSizeRel|x64.Build.0 = MinSizeRel|x64
		{E58E2025-C143-39FD-A62B-27297E546898}.RelWithDebInfo|x64.ActiveCfg = RelWithDebInfo|x64
		{E58E2025-C143-39FD-A62B-27297E546898}.RelWithDebInfo|x64.Build.0 = RelWithDebInfo|x64
		{0054959B-A046-3B3E-858F-994F2B44F35D}.Debug|x64.ActiveCfg = Debug|x64
		{0054959B-A046-3B3E-858F-994F2B44F35D}.Debug|x64.Build.0 = Debug|x64
		{0054959B-A046-3B3E-858F-994F2B44F35D}.Release|x64.ActiveCfg = Release|x64
		{0054959B-A046-3B3E-858F-994F2B44F35D}.Release|x64.Build.0 = Release|x64
		{0054959B-A046-3B3E-858F-994F2B44F35D}.MinSizeRel|x64.ActiveCfg = MinSizeRel|x64
		{0054959B-A046-3B3E-858F-994F2B44F35D}.MinSizeRel|x64.Build.0 = MinSizeRel|x64
		{0054959B-A046-3B3E-858F-994F2B44F35D}.RelWithDebInfo|x64.ActiveCfg = RelWithDebInfo|x64
		{0054959B-A046-3B3E-858F-994F2B44F35D}.RelWithDebInfo|x64.Build.0 = RelWithDebInfo|x64
		{0BCF18CB-1205-3933-BABE-A9E98A16F53B}.Debug|x64.ActiveCfg = Debug|x64
		{0BCF18CB-1205-3933-BABE-A9E98A16F53B}.Debug|x64.Build.0 = Debug|x64
		{0BCF18CB-1205-3933-BABE-A9E98A16F53B}.Release|x64.ActiveCfg = Release|x64
		{0BCF18CB-1205-3933-BABE-A9E98A16F53B}.Release|x64.Build.0 = Release|x64
		{0BCF18CB-1205-3933-BABE-A9E98A16F53B}.MinSizeRel|x64.ActiveCfg = MinSizeRel|x64
		{0BCF18CB-1205-3933-BABE-A9E98A16F53B}.MinSizeRel|x64.Build.0 = MinSizeRel|x64
		{0BCF18CB-1205-3933-BABE-A9E98A16F53B}.RelWithDebInfo|x64.ActiveCfg = RelWithDebInfo|x64
		{0BCF18CB-1205-3933-BABE-A9E98A16F53B}.RelWithDebInfo|x64.Build.0 = RelWithDebInfo|x64
		{20FC6E94-2BE2-388B-9F61-4BEB696F8CF6}.Debug|x64.ActiveCfg = Debug|x64
		{20FC6E94-2BE2-388B-9F61-4BEB696F8CF6}.Debug|x64.Build.0 = Debug|x64
		{20FC6E94-2BE2-388B-9F61-4BEB696F8CF6}.Release|x64.ActiveCfg = Release|x64
		{20FC6E94-2BE2-388B-9F61-4BEB696F8CF6}.Release|x64.Build.0 = Release|x64
		{20FC6E94-2BE2-388B-9F61-4BEB696F8CF6}.MinSizeRel|x64.ActiveCfg = MinSizeRel|x64
		{20FC6E94-2BE2-388B-9F61-4BEB696F8CF6}.MinSizeRel|x64.Build.0 = MinSizeRel|x64
		{20FC6E94-2BE2-388B-9F61-4BEB696F8CF6}.RelWithDebInfo|x64.ActiveCfg = RelWithDebInfo|x64
		{20FC6E94-2BE2-388B-9F61-4BEB696F8CF6}.RelWithDebInfo|x64.Build.0 = RelWithDebInfo|x64
		{89BD81E9-B93B-3A53-ACD8-F027C63B3581}.Debug|x64.ActiveCfg = Debug|x64
		{89BD81E9-B93B-3A53-ACD8-F027C63B3581}.Debug|x64.Build.0 = Debug|x64
		{89BD81E9-B93B-3A53-ACD8-F027C63B3581}.Release|x64.ActiveCfg = Release|x64
		{89BD81E9-B93B-3A53-ACD8-F027C63B3581}.Release|x64.Build.0 = Release|x64
		{89BD81E9-B93B-3A53-ACD8-F027C63B3581}.MinSizeRel|x64.ActiveCfg = MinSizeRel|x64
		{89BD81E9-B93B-3A53-ACD8-F027C63B3581}.MinSizeRel|x64.Build.0 = MinSizeRel|x64
		{89BD81E9-B93B-3A53-ACD8-F027C63B3581}.RelWithDebInfo|x64.ActiveCfg = RelWithDebInfo|x64
		{89BD81E9-B93B-3A53-ACD8-F027C63B3581}.RelWithDebInfo|x64.Build.0 = RelWithDebInfo|x64
		{A1708B64-514C-3940-B95E-93D44E290C28}.Debug|x64.ActiveCfg = Debug|x64
		{A1708B64-514C-3940-B95E-93D44E290C28}.Release|x64.ActiveCfg = Release|x64
		{A1708B64-514C-3940-B95E-93D44E290C28}.MinSizeRel|x64.ActiveCfg = MinSizeRel|x64
		{A1708B64-514C-3940-B95E-93D44E290C28}.RelWithDebInfo|x64.ActiveCfg = RelWithDebInfo|x64
		{2414911C-6029-3743-B475-228AEE3BF8F7}.Debug|x64.ActiveCfg = Debug|x64
		{2414911C-6029-3743-B475-228AEE3BF8F7}.Debug|x64.Build.0 = Debug|x64
		{2414911C-6029-3743-B475-228AEE3BF8F7}.Release|x64.ActiveCfg = Release|x64
		{2414911C-6029-3743-B475-228AEE3BF8F7}.Release|x64.Build.0 = Release|x64
		{2414911C-6029-3743-B475-228AEE3BF8F7}.MinSizeRel|x64.ActiveCfg = MinSizeRel|x64
		{2414911C-6029-3743-B475-228AEE3BF8F7}.MinSizeRel|x64.Build.0 = MinSizeRel|x64
		{2414911C-6029-3743-B475-228AEE3BF8F7}.RelWithDebInfo|x64.ActiveCfg = RelWithDebInfo|x64
		{2414911C-6029-3743-B475-228AEE3BF8F7}.RelWithDebInfo|x64.Build.0 = RelWithDebInfo|x64
		{80CCC63F-79E9-3BDC-8E05-BEC02CE2C1E4}.Debug|x64.ActiveCfg = Debug|x64
		{80CCC63F-79E9-3BDC-8E05-BEC02CE2C1E4}.Debug|x64.Build.0 = Debug|x64
		{80CCC63F-79E9-3BDC-8E05-BEC02CE2C1E4}.Release|x64.ActiveCfg = Release|x64
		{80CCC63F-79E9-3BDC-8E05-BEC02CE2C1E4}.Release|x64.Build.0 = Release|x64
		{80CCC63F-79E9-3BDC-8E05-BEC02CE2C1E4}.MinSizeRel|x64.ActiveCfg = MinSizeRel|x64
		{80CCC63F-79E9-3BDC-8E05-BEC02CE2C1E4}.MinSizeRel|x64.Build.0 = MinSizeRel|x64
		{80CCC63F-79E9-3BDC-8E05-BEC02CE2C1E4}.RelWithDebInfo|x64.ActiveCfg = RelWithDebInfo|x64
		{80CCC63F-79E9-3BDC-8E05-BEC02CE2C1E4}.RelWithDebInfo|x64.Build.0 = RelWithDebInfo|x64
	EndGlobalSection
	GlobalSection(NestedProjects) = preSolution
		{54399E9C-D89E-358D-B57B-ACF702283882} = {CBE1F683-64B1-3E57-9ADA-96CB1AF8E2EC}
		{C0FE38F2-BE37-3030-977E-A2A2DB393AC9} = {CBE1F683-64B1-3E57-9ADA-96CB1AF8E2EC}
		{FBE84924-2AFB-35F4-A071-1E44900EE791} = {CBE1F683-64B1-3E57-9ADA-96CB1AF8E2EC}
		{E238E84E-1FF6-3311-A206-36E050D64F86} = {AD0DD5F1-763A-3E83-9F91-3A937E15C1A2}
		{E6EDFA4B-5A23-356C-9112-271D7FAC9CA4} = {AD0DD5F1-763A-3E83-9F91-3A937E15C1A2}
		{93D0DAD9-7849-3963-A6DA-29EB4C8485E5} = {AD0DD5F1-763A-3E83-9F91-3A937E15C1A2}
		{A1708B64-514C-3940-B95E-93D44E290C28} = {AD0DD5F1-763A-3E83-9F91-3A937E15C1A2}
		{F6943C3F-9571-3D7C-BAE3-EEDB08FF9DE2} = {E238E84E-1FF6-3311-A206-36E050D64F86}
		{F05E7431-0F48-356F-B4CE-C1F6198A9A2E} = {E238E84E-1FF6-3311-A206-36E050D64F86}
		{6FA99379-D95D-367D-A1F6-0E74251B3B38} = {E238E84E-1FF6-3311-A206-36E050D64F86}
		{D0314FD6-3793-39B6-ACA7-71E0024A0F7C} = {E238E84E-1FF6-3311-A206-36E050D64F86}
		{E1FB784D-062C-32A3-ABC9-273658CC3A16} = {E238E84E-1FF6-3311-A206-36E050D64F86}
		{5D69B41E-B248-3BEF-A789-1193F3BD2640} = {E238E84E-1FF6-3311-A206-36E050D64F86}
		{81F0F2AC-0614-3030-BE7D-D25E1626DDFC} = {E238E84E-1FF6-3311-A206-36E050D64F86}
		{A22E2E25-68A7-3388-B426-54B081CF8262} = {E238E84E-1FF6-3311-A206-36E050D64F86}
		{2414911C-6029-3743-B475-228AEE3BF8F7} = {E238E84E-1FF6-3311-A206-36E050D64F86}
		{811CBF73-0975-3A9C-8CA8-6AD05475D395} = {E6EDFA4B-5A23-356C-9112-271D7FAC9CA4}
		{355794B4-D779-3FA5-AB22-DFBD0F02D42A} = {E6EDFA4B-5A23-356C-9112-271D7FAC9CA4}
		{85F4A8B8-385F-378C-A443-EDC36C216C86} = {E6EDFA4B-5A23-356C-9112-271D7FAC9CA4}
		{FD003C3B-450E-3BFB-B759-1001196A79D6} = {E6EDFA4B-5A23-356C-9112-271D7FAC9CA4}
		{A4D6A416-0D14-377E-A695-47BE0E269A3F} = {E6EDFA4B-5A23-356C-9112-271D7FAC9CA4}
		{B41CA747-DA28-31F2-B024-14C8E24436FA} = {E6EDFA4B-5A23-356C-9112-271D7FAC9CA4}
		{092A310C-4E40-34BE-B5C1-3F337791F52C} = {E6EDFA4B-5A23-356C-9112-271D7FAC9CA4}
		{726F21B7-A8DC-35BA-A169-CFD07AC5EE15} = {E6EDFA4B-5A23-356C-9112-271D7FAC9CA4}
		{DE17E6D9-818A-3975-B154-5DF39F6CBFCA} = {E6EDFA4B-5A23-356C-9112-271D7FAC9CA4}
		{CF28710E-9A06-3420-B454-2B0A4099C438} = {E6EDFA4B-5A23-356C-9112-271D7FAC9CA4}
		{CB2B7531-8463-309B-842C-2D049C87F027} = {E6EDFA4B-5A23-356C-9112-271D7FAC9CA4}
		{1101DE67-02B3-3A54-A0A9-B3B26E89900B} = {E6EDFA4B-5A23-356C-9112-271D7FAC9CA4}
		{B92613DD-06F8-33E7-B6E9-E08A4C839BFE} = {E6EDFA4B-5A23-356C-9112-271D7FAC9CA4}
		{8D41DE6F-0C48-3E0F-8D55-2B21A5030000} = {E6EDFA4B-5A23-356C-9112-271D7FAC9CA4}
		{E58E2025-C143-39FD-A62B-27297E546898} = {E6EDFA4B-5A23-356C-9112-271D7FAC9CA4}
		{0054959B-A046-3B3E-858F-994F2B44F35D} = {E6EDFA4B-5A23-356C-9112-271D7FAC9CA4}
		{0BCF18CB-1205-3933-BABE-A9E98A16F53B} = {E6EDFA4B-5A23-356C-9112-271D7FAC9CA4}
		{20FC6E94-2BE2-388B-9F61-4BEB696F8CF6} = {E6EDFA4B-5A23-356C-9112-271D7FAC9CA4}
		{89BD81E9-B93B-3A53-ACD8-F027C63B3581} = {E6EDFA4B-5A23-356C-9112-271D7FAC9CA4}
		{80CCC63F-79E9-3BDC-8E05-BEC02CE2C1E4} = {E6EDFA4B-5A23-356C-9112-271D7FAC9CA4}
	EndGlobalSection
	GlobalSection(ExtensibilityGlobals) = postSolution
		SolutionGuid = {BA6F81C2-8641-384B-AE22-D90E651AB0FA}
	EndGlobalSection
	GlobalSection(ExtensibilityAddIns) = postSolution
	EndGlobalSection
EndGlobal
